version = 1
requires-python = ">=3.9"
environment-markers = [
    "python_full_version < '3.11'",
    "python_full_version == '3.11.*'",
    "python_full_version >= '3.12'",
]

[[package]]
name = "certifi"
version = "2024.7.4"
source = { registry = "https://pypi.org/simple" }
sdist = { url = "https://files.pythonhosted.org/packages/c2/02/a95f2b11e207f68bc64d7aae9666fed2e2b3f307748d5123dffb72a1bbea/certifi-2024.7.4.tar.gz", hash = "sha256:5a1e7645bc0ec61a09e26c36f6106dd4cf40c6db3a1fb6352b0244e7fb057c7b", size = 164065 }
wheels = [
    { url = "https://files.pythonhosted.org/packages/1c/d5/c84e1a17bf61d4df64ca866a1c9a913874b4e9bdc131ec689a0ad013fb36/certifi-2024.7.4-py3-none-any.whl", hash = "sha256:c198e21b1289c2ab85ee4e67bb4b4ef3ead0892059901a8d5b622f24a1101e90", size = 162960 },
]

[[package]]
name = "firstproject"
version = "0.1.0"
source = { editable = "." }
dependencies = [
    { name = "geopandas" },
]

[package.metadata]
requires-dist = [{ name = "geopandas" }]

[[package]]
name = "geopandas"
version = "1.0.1"
source = { registry = "https://pypi.org/simple" }
dependencies = [
    { name = "numpy" },
    { name = "packaging" },
    { name = "pandas" },
    { name = "pyogrio" },
    { name = "pyproj" },
    { name = "shapely" },
]
sdist = { url = "https://files.pythonhosted.org/packages/39/08/2cf5d85356e45b10b8d066cf4c3ba1e9e3185423c48104eed87e8afd0455/geopandas-1.0.1.tar.gz", hash = "sha256:b8bf70a5534588205b7a56646e2082fb1de9a03599651b3d80c99ea4c2ca08ab", size = 317736 }
wheels = [
    { url = "https://files.pythonhosted.org/packages/c4/64/7d344cfcef5efddf9cf32f59af7f855828e9d74b5f862eddf5bfd9f25323/geopandas-1.0.1-py3-none-any.whl", hash = "sha256:01e147d9420cc374d26f51fc23716ac307f32b49406e4bd8462c07e82ed1d3d6", size = 323587 },
]

[[package]]
name = "numpy"
version = "2.0.1"
source = { registry = "https://pypi.org/simple" }
sdist = { url = "https://files.pythonhosted.org/packages/1c/8a/0db635b225d2aa2984e405dc14bd2b0c324a0c312ea1bc9d283f2b83b038/numpy-2.0.1.tar.gz", hash = "sha256:485b87235796410c3519a699cfe1faab097e509e90ebb05dcd098db2ae87e7b3", size = 18872007 }
wheels = [
    { url = "https://files.pythonhosted.org/packages/86/c0/025580db782c9be4c7de992e2cc4b2930c12ef8e0f26389c88089e2f8028/numpy-2.0.1-cp310-cp310-macosx_10_9_x86_64.whl", hash = "sha256:0fbb536eac80e27a2793ffd787895242b7f18ef792563d742c2d673bfcb75134", size = 21234466 },
    { url = "https://files.pythonhosted.org/packages/d6/47/58ad880b4a6ae4ec01e212d68d298cc5425814496e8fce7b35575880984c/numpy-2.0.1-cp310-cp310-macosx_11_0_arm64.whl", hash = "sha256:69ff563d43c69b1baba77af455dd0a839df8d25e8590e79c90fcbe1499ebde42", size = 13369204 },
    { url = "https://files.pythonhosted.org/packages/5f/f7/d9db3db9ff23af6ed1d948441a4805cfcb24119a3edbe1d5d8bcc89b2496/numpy-2.0.1-cp310-cp310-macosx_14_0_arm64.whl", hash = "sha256:1b902ce0e0a5bb7704556a217c4f63a7974f8f43e090aff03fcf262e0b135e02", size = 5300247 },
    { url = "https://files.pythonhosted.org/packages/b5/ec/d8faaa60f6e39227b3c7286db9db1de48b6f51227d7e64223d22d2374e3e/numpy-2.0.1-cp310-cp310-macosx_14_0_x86_64.whl", hash = "sha256:f1659887361a7151f89e79b276ed8dff3d75877df906328f14d8bb40bb4f5101", size = 6899834 },
    { url = "https://files.pythonhosted.org/packages/08/7a/71b12fe40147b1a6146ffd07afbe57d3c0ea98560032fae7c6d81c861b09/numpy-2.0.1-cp310-cp310-manylinux_2_17_aarch64.manylinux2014_aarch64.whl", hash = "sha256:4658c398d65d1b25e1760de3157011a80375da861709abd7cef3bad65d6543f9", size = 13907521 },
    { url = "https://files.pythonhosted.org/packages/ac/9c/703d6775b99ae37c3d4fc32984953572fb20e23e61c0f4154f05e5758a30/numpy-2.0.1-cp310-cp310-manylinux_2_17_x86_64.manylinux2014_x86_64.whl", hash = "sha256:4127d4303b9ac9f94ca0441138acead39928938660ca58329fe156f84b9f3015", size = 19530562 },
    { url = "https://files.pythonhosted.org/packages/be/53/4c639cc2e0331ec42b54368648f23330f9ff406c74f2f0ccca6702ba6b71/numpy-2.0.1-cp310-cp310-musllinux_1_1_x86_64.whl", hash = "sha256:e5eeca8067ad04bc8a2a8731183d51d7cbaac66d86085d5f4766ee6bf19c7f87", size = 19929256 },
    { url = "https://files.pythonhosted.org/packages/91/ec/18a1b896e25f0bba8aa3c3b010e7aaf62387583db368b29a571519c2dd45/numpy-2.0.1-cp310-cp310-musllinux_1_2_aarch64.whl", hash = "sha256:9adbd9bb520c866e1bfd7e10e1880a1f7749f1f6e5017686a5fbb9b72cf69f82", size = 14413740 },
    { url = "https://files.pythonhosted.org/packages/3c/f6/00efe4505061b100a907c55d60765b020be3b08accff37d1444d02ae108a/numpy-2.0.1-cp310-cp310-win32.whl", hash = "sha256:7b9853803278db3bdcc6cd5beca37815b133e9e77ff3d4733c247414e78eb8d1", size = 6469150 },
    { url = "https://files.pythonhosted.org/packages/16/9f/1fcb7fdb6ec988052b42c7f4ed6d92d89c541d640f8f39f01bf141d17426/numpy-2.0.1-cp310-cp310-win_amd64.whl", hash = "sha256:81b0893a39bc5b865b8bf89e9ad7807e16717f19868e9d234bdaf9b1f1393868", size = 16554905 },
    { url = "https://files.pythonhosted.org/packages/29/d6/ff66f4f87518a435538e15cc9e0477a88398512a18783e748914f0daf5ea/numpy-2.0.1-cp311-cp311-macosx_10_9_x86_64.whl", hash = "sha256:75b4e316c5902d8163ef9d423b1c3f2f6252226d1aa5cd8a0a03a7d01ffc6268", size = 21238269 },
    { url = "https://files.pythonhosted.org/packages/c5/64/853cfc37494471e64ea9f7bf3bc3b4bb39450e6db5beeb05e2a66beef612/numpy-2.0.1-cp311-cp311-macosx_11_0_arm64.whl", hash = "sha256:6e4eeb6eb2fced786e32e6d8df9e755ce5be920d17f7ce00bc38fcde8ccdbf9e", size = 13334324 },
    { url = "https://files.pythonhosted.org/packages/d1/d8/597b4b2e396a77cbec677c9de33bb1789d5c3b66d653cb723d00eb331e99/numpy-2.0.1-cp311-cp311-macosx_14_0_arm64.whl", hash = "sha256:a1e01dcaab205fbece13c1410253a9eea1b1c9b61d237b6fa59bcc46e8e89343", size = 5298376 },
    { url = "https://files.pythonhosted.org/packages/64/58/8664ff3747ac719ae1a5b9c0020533435158180a27f2f88a2b7a253bb623/numpy-2.0.1-cp311-cp311-macosx_14_0_x86_64.whl", hash = "sha256:a8fc2de81ad835d999113ddf87d1ea2b0f4704cbd947c948d2f5513deafe5a7b", size = 6903817 },
    { url = "https://files.pythonhosted.org/packages/72/44/71ac0090d4ccb512fcac0ef0e5208248423a1ce30381541700470ac09b75/numpy-2.0.1-cp311-cp311-manylinux_2_17_aarch64.manylinux2014_aarch64.whl", hash = "sha256:5a3d94942c331dd4e0e1147f7a8699a4aa47dffc11bf8a1523c12af8b2e91bbe", size = 13916254 },
    { url = "https://files.pythonhosted.org/packages/ef/27/39622993e8688a1f05898a3c3b2836b856f79c06637ebd4b71cb35cc9b18/numpy-2.0.1-cp311-cp311-manylinux_2_17_x86_64.manylinux2014_x86_64.whl", hash = "sha256:15eb4eca47d36ec3f78cde0a3a2ee24cf05ca7396ef808dda2c0ddad7c2bde67", size = 19540260 },
    { url = "https://files.pythonhosted.org/packages/6a/26/a32b5a6b3f090860aeefb3619bfea09f717d73908bd65e69e8ab0cac9c07/numpy-2.0.1-cp311-cp311-musllinux_1_1_x86_64.whl", hash = "sha256:b83e16a5511d1b1f8a88cbabb1a6f6a499f82c062a4251892d9ad5d609863fb7", size = 19938602 },
    { url = "https://files.pythonhosted.org/packages/34/b6/a88a9953d0be231c67aa0b3714d6138507490753beaa927f0b33f20cdca2/numpy-2.0.1-cp311-cp311-musllinux_1_2_aarch64.whl", hash = "sha256:1f87fec1f9bc1efd23f4227becff04bd0e979e23ca50cc92ec88b38489db3b55", size = 14425300 },
    { url = "https://files.pythonhosted.org/packages/e4/e2/e763e102bea9c188b43ea144a91c22bec669736889a6e0be0235d64666d7/numpy-2.0.1-cp311-cp311-win32.whl", hash = "sha256:36d3a9405fd7c511804dc56fc32974fa5533bdeb3cd1604d6b8ff1d292b819c4", size = 6467652 },
    { url = "https://files.pythonhosted.org/packages/3d/67/928e8f0d5c7fd32f32fb5caf92b186a1b3826dbaf5a294e13a976d6c38b6/numpy-2.0.1-cp311-cp311-win_amd64.whl", hash = "sha256:08458fbf403bff5e2b45f08eda195d4b0c9b35682311da5a5a0a0925b11b9bd8", size = 16559280 },
    { url = "https://files.pythonhosted.org/packages/64/1c/401489a7e92c30db413362756c313b9353fb47565015986c55582593e2ae/numpy-2.0.1-cp312-cp312-macosx_10_9_x86_64.whl", hash = "sha256:6bf4e6f4a2a2e26655717a1983ef6324f2664d7011f6ef7482e8c0b3d51e82ac", size = 20965374 },
    { url = "https://files.pythonhosted.org/packages/08/61/460fb524bb2d1a8bd4bbcb33d9b0971f9837fdedcfda8478d4c8f5cfd7ee/numpy-2.0.1-cp312-cp312-macosx_11_0_arm64.whl", hash = "sha256:7d6fddc5fe258d3328cd8e3d7d3e02234c5d70e01ebe377a6ab92adb14039cb4", size = 13102536 },
    { url = "https://files.pythonhosted.org/packages/c2/da/3d8debb409bc97045b559f408d2b8cefa6a077a73df14dbf4d8780d976b1/numpy-2.0.1-cp312-cp312-macosx_14_0_arm64.whl", hash = "sha256:5daab361be6ddeb299a918a7c0864fa8618af66019138263247af405018b04e1", size = 5037809 },
    { url = "https://files.pythonhosted.org/packages/6d/59/851609f533e7bf5f4af6264a7c5149ab07be9c8db2b0eb064794f8a7bf6d/numpy-2.0.1-cp312-cp312-macosx_14_0_x86_64.whl", hash = "sha256:ea2326a4dca88e4a274ba3a4405eb6c6467d3ffbd8c7d38632502eaae3820587", size = 6631813 },
    { url = "https://files.pythonhosted.org/packages/5e/e3/944b70438d3b7e2742fece7da8dfba6f7ef7dccdd163d1a613f7027f4d5b/numpy-2.0.1-cp312-cp312-manylinux_2_17_aarch64.manylinux2014_aarch64.whl", hash = "sha256:529af13c5f4b7a932fb0e1911d3a75da204eff023ee5e0e79c1751564221a5c8", size = 13623742 },
    { url = "https://files.pythonhosted.org/packages/2c/f3/61eeef119beb37decb58e7cb29940f19a1464b8608f2cab8a8616aba75fd/numpy-2.0.1-cp312-cp312-manylinux_2_17_x86_64.manylinux2014_x86_64.whl", hash = "sha256:6790654cb13eab303d8402354fabd47472b24635700f631f041bd0b65e37298a", size = 19242336 },
    { url = "https://files.pythonhosted.org/packages/77/b5/c74cc1c91754436114c1de5912cdb475145245f6e645a6a1a29b5d08c774/numpy-2.0.1-cp312-cp312-musllinux_1_1_x86_64.whl", hash = "sha256:cbab9fc9c391700e3e1287666dfd82d8666d10e69a6c4a09ab97574c0b7ee0a7", size = 19637264 },
    { url = "https://files.pythonhosted.org/packages/da/89/c8856d3fd5fce12e0b3f6af371ccb90d604600923b08050c58f0cd26eac9/numpy-2.0.1-cp312-cp312-musllinux_1_2_aarch64.whl", hash = "sha256:99d0d92a5e3613c33a5f01db206a33f8fdf3d71f2912b0de1739894668b7a93b", size = 14108911 },
    { url = "https://files.pythonhosted.org/packages/15/96/310c6f3f2447f6d146518479b0a6ee6eb92a537954ec3b1acfa2894d1347/numpy-2.0.1-cp312-cp312-win32.whl", hash = "sha256:173a00b9995f73b79eb0191129f2455f1e34c203f559dd118636858cc452a1bf", size = 6171379 },
    { url = "https://files.pythonhosted.org/packages/b5/59/f6ad30785a6578ad85ed9c2785f271b39c3e5b6412c66e810d2c60934c9f/numpy-2.0.1-cp312-cp312-win_amd64.whl", hash = "sha256:bb2124fdc6e62baae159ebcfa368708867eb56806804d005860b6007388df171", size = 16255757 },
    { url = "https://files.pythonhosted.org/packages/e9/8b/405e7dba00aa96ff03f5fef3b6fb3b6f113b13311f70faa72185696fbe0a/numpy-2.0.1-cp39-cp39-macosx_10_9_x86_64.whl", hash = "sha256:bfc085b28d62ff4009364e7ca34b80a9a080cbd97c2c0630bb5f7f770dae9414", size = 21239254 },
    { url = "https://files.pythonhosted.org/packages/a5/e4/280150a359c0c3039d7965f6ade0c9324961b318f5e07cb36dc28915c0a6/numpy-2.0.1-cp39-cp39-macosx_11_0_arm64.whl", hash = "sha256:8fae4ebbf95a179c1156fab0b142b74e4ba4204c87bde8d3d8b6f9c34c5825ef", size = 13342134 },
    { url = "https://files.pythonhosted.org/packages/cc/4e/3f7e4fed86ec3c940ba84fe819eb5f2288de85a5f29679a9ed5fbb55dc43/numpy-2.0.1-cp39-cp39-macosx_14_0_arm64.whl", hash = "sha256:72dc22e9ec8f6eaa206deb1b1355eb2e253899d7347f5e2fae5f0af613741d06", size = 5306698 },
    { url = "https://files.pythonhosted.org/packages/97/de/9bf6c37a8f760847172b13691ac83c404c8485a090b349244e2758c8436d/numpy-2.0.1-cp39-cp39-macosx_14_0_x86_64.whl", hash = "sha256:ec87f5f8aca726117a1c9b7083e7656a9d0d606eec7299cc067bb83d26f16e0c", size = 6904663 },
    { url = "https://files.pythonhosted.org/packages/bd/54/15a0ba87e6335d02475201c9767a6a424ee39ed438ebdb6438f34abc2c25/numpy-2.0.1-cp39-cp39-manylinux_2_17_aarch64.manylinux2014_aarch64.whl", hash = "sha256:1f682ea61a88479d9498bf2091fdcd722b090724b08b31d63e022adc063bad59", size = 13913787 },
    { url = "https://files.pythonhosted.org/packages/b1/e3/24d289c5a3255bf52824bd52295e9a7923cad8ae5ec29539fc971e1122f6/numpy-2.0.1-cp39-cp39-manylinux_2_17_x86_64.manylinux2014_x86_64.whl", hash = "sha256:8efc84f01c1cd7e34b3fb310183e72fcdf55293ee736d679b6d35b35d80bba26", size = 19533058 },
    { url = "https://files.pythonhosted.org/packages/0a/ea/a0c96ffd46214e5fdb4e12cfa34824468503295d6e2fdeef2e2b1de30cd7/numpy-2.0.1-cp39-cp39-musllinux_1_1_x86_64.whl", hash = "sha256:3fdabe3e2a52bc4eff8dc7a5044342f8bd9f11ef0934fcd3289a788c0eb10018", size = 19934441 },
    { url = "https://files.pythonhosted.org/packages/c3/c4/763efe6af1925baa6c433ee926fef6996eedc7c2cb2485593de01a24e8f5/numpy-2.0.1-cp39-cp39-musllinux_1_2_aarch64.whl", hash = "sha256:24a0e1befbfa14615b49ba9659d3d8818a0f4d8a1c5822af8696706fbda7310c", size = 14417003 },
    { url = "https://files.pythonhosted.org/packages/35/a0/2efec9d64c64db60200909800ca04ade088bc9942641e121cf9933a53d11/numpy-2.0.1-cp39-cp39-win32.whl", hash = "sha256:f9cf5ea551aec449206954b075db819f52adc1638d46a6738253a712d553c7b4", size = 6473865 },
    { url = "https://files.pythonhosted.org/packages/52/87/bb45780eb4b9ed1e4710c2f2b42ed7224071aef6f08152f2520df0ec2ee5/numpy-2.0.1-cp39-cp39-win_amd64.whl", hash = "sha256:e9e81fa9017eaa416c056e5d9e71be93d05e2c3c2ab308d23307a8bc4443c368", size = 16560729 },
    { url = "https://files.pythonhosted.org/packages/2a/a3/0a6e85731c9a5ac646cf873d02dca843c6c00fc98ed979bc59ade283ad31/numpy-2.0.1-pp39-pypy39_pp73-macosx_10_9_x86_64.whl", hash = "sha256:61728fba1e464f789b11deb78a57805c70b2ed02343560456190d0501ba37b0f", size = 21094924 },
    { url = "https://files.pythonhosted.org/packages/1a/e8/ba6f8f5ee68c7459820236a1e2a76ab4eccad6b6b7f090dabffb7c62ca55/numpy-2.0.1-pp39-pypy39_pp73-macosx_14_0_x86_64.whl", hash = "sha256:12f5d865d60fb9734e60a60f1d5afa6d962d8d4467c120a1c0cda6eb2964437d", size = 6760873 },
    { url = "https://files.pythonhosted.org/packages/3b/f1/d156a9f3adbdbfdf97e8d0f25e32ee943200ed743c8af7a207d92ebcf61d/numpy-2.0.1-pp39-pypy39_pp73-manylinux_2_17_x86_64.manylinux2014_x86_64.whl", hash = "sha256:eacf3291e263d5a67d8c1a581a8ebbcfd6447204ef58828caf69a5e3e8c75990", size = 19337879 },
    { url = "https://files.pythonhosted.org/packages/41/30/260f1848653080d7ed1780e85547cdca50d858c6d38e835b2c8d7ac7cad9/numpy-2.0.1-pp39-pypy39_pp73-win_amd64.whl", hash = "sha256:2c3a346ae20cfd80b6cfd3e60dc179963ef2ea58da5ec074fd3d9e7a1e7ba97f", size = 16477335 },
]

[[package]]
name = "packaging"
version = "24.1"
source = { registry = "https://pypi.org/simple" }
sdist = { url = "https://files.pythonhosted.org/packages/51/65/50db4dda066951078f0a96cf12f4b9ada6e4b811516bf0262c0f4f7064d4/packaging-24.1.tar.gz", hash = "sha256:026ed72c8ed3fcce5bf8950572258698927fd1dbda10a5e981cdf0ac37f4f002", size = 148788 }
wheels = [
    { url = "https://files.pythonhosted.org/packages/08/aa/cc0199a5f0ad350994d660967a8efb233fe0416e4639146c089643407ce6/packaging-24.1-py3-none-any.whl", hash = "sha256:5b8f2217dbdbd2f7f384c41c628544e6d52f2d0f53c6d0c3ea61aa5d1d7ff124", size = 53985 },
]

[[package]]
name = "pandas"
version = "2.2.2"
source = { registry = "https://pypi.org/simple" }
dependencies = [
    { name = "numpy" },
    { name = "python-dateutil" },
    { name = "pytz" },
    { name = "tzdata" },
]
sdist = { url = "https://files.pythonhosted.org/packages/88/d9/ecf715f34c73ccb1d8ceb82fc01cd1028a65a5f6dbc57bfa6ea155119058/pandas-2.2.2.tar.gz", hash = "sha256:9e79019aba43cb4fda9e4d983f8e88ca0373adbb697ae9c6c43093218de28b54", size = 4398391 }
wheels = [
    { url = "https://files.pythonhosted.org/packages/d1/2d/39600d073ea70b9cafdc51fab91d69c72b49dd92810f24cb5ac6631f387f/pandas-2.2.2-cp310-cp310-macosx_10_9_x86_64.whl", hash = "sha256:90c6fca2acf139569e74e8781709dccb6fe25940488755716d1d354d6bc58bce", size = 12551798 },
    { url = "https://files.pythonhosted.org/packages/fd/4b/0cd38e68ab690b9df8ef90cba625bf3f93b82d1c719703b8e1b333b2c72d/pandas-2.2.2-cp310-cp310-macosx_11_0_arm64.whl", hash = "sha256:c7adfc142dac335d8c1e0dcbd37eb8617eac386596eb9e1a1b77791cf2498238", size = 11287392 },
    { url = "https://files.pythonhosted.org/packages/01/c6/d3d2612aea9b9f28e79a30b864835dad8f542dcf474eee09afeee5d15d75/pandas-2.2.2-cp310-cp310-manylinux_2_17_aarch64.manylinux2014_aarch64.whl", hash = "sha256:4abfe0be0d7221be4f12552995e58723c7422c80a659da13ca382697de830c08", size = 15634823 },
    { url = "https://files.pythonhosted.org/packages/89/1b/12521efcbc6058e2673583bb096c2b5046a9df39bd73eca392c1efed24e5/pandas-2.2.2-cp310-cp310-manylinux_2_17_x86_64.manylinux2014_x86_64.whl", hash = "sha256:8635c16bf3d99040fdf3ca3db669a7250ddf49c55dc4aa8fe0ae0fa8d6dcc1f0", size = 13032214 },
    { url = "https://files.pythonhosted.org/packages/e4/d7/303dba73f1c3a9ef067d23e5afbb6175aa25e8121be79be354dcc740921a/pandas-2.2.2-cp310-cp310-musllinux_1_1_aarch64.whl", hash = "sha256:40ae1dffb3967a52203105a077415a86044a2bea011b5f321c6aa64b379a3f51", size = 16278302 },
    { url = "https://files.pythonhosted.org/packages/ba/df/8ff7c5ed1cc4da8c6ab674dc8e4860a4310c3880df1283e01bac27a4333d/pandas-2.2.2-cp310-cp310-musllinux_1_1_x86_64.whl", hash = "sha256:8e5a0b00e1e56a842f922e7fae8ae4077aee4af0acb5ae3622bd4b4c30aedf99", size = 13892866 },
    { url = "https://files.pythonhosted.org/packages/69/a6/81d5dc9a612cf0c1810c2ebc4f2afddb900382276522b18d128213faeae3/pandas-2.2.2-cp310-cp310-win_amd64.whl", hash = "sha256:ddf818e4e6c7c6f4f7c8a12709696d193976b591cc7dc50588d3d1a6b5dc8772", size = 11621592 },
    { url = "https://files.pythonhosted.org/packages/1b/70/61704497903d43043e288017cb2b82155c0d41e15f5c17807920877b45c2/pandas-2.2.2-cp311-cp311-macosx_10_9_x86_64.whl", hash = "sha256:696039430f7a562b74fa45f540aca068ea85fa34c244d0deee539cb6d70aa288", size = 12574808 },
    { url = "https://files.pythonhosted.org/packages/16/c6/75231fd47afd6b3f89011e7077f1a3958441264aca7ae9ff596e3276a5d0/pandas-2.2.2-cp311-cp311-macosx_11_0_arm64.whl", hash = "sha256:8e90497254aacacbc4ea6ae5e7a8cd75629d6ad2b30025a4a8b09aa4faf55151", size = 11304876 },
    { url = "https://files.pythonhosted.org/packages/97/2d/7b54f80b93379ff94afb3bd9b0cd1d17b48183a0d6f98045bc01ce1e06a7/pandas-2.2.2-cp311-cp311-manylinux_2_17_aarch64.manylinux2014_aarch64.whl", hash = "sha256:58b84b91b0b9f4bafac2a0ac55002280c094dfc6402402332c0913a59654ab2b", size = 15602548 },
    { url = "https://files.pythonhosted.org/packages/fc/a5/4d82be566f069d7a9a702dcdf6f9106df0e0b042e738043c0cc7ddd7e3f6/pandas-2.2.2-cp311-cp311-manylinux_2_17_x86_64.manylinux2014_x86_64.whl", hash = "sha256:6d2123dc9ad6a814bcdea0f099885276b31b24f7edf40f6cdbc0912672e22eee", size = 13031332 },
    { url = "https://files.pythonhosted.org/packages/92/a2/b79c48f530673567805e607712b29814b47dcaf0d167e87145eb4b0118c6/pandas-2.2.2-cp311-cp311-musllinux_1_1_aarch64.whl", hash = "sha256:2925720037f06e89af896c70bca73459d7e6a4be96f9de79e2d440bd499fe0db", size = 16286054 },
    { url = "https://files.pythonhosted.org/packages/40/c7/47e94907f1d8fdb4868d61bd6c93d57b3784a964d52691b77ebfdb062842/pandas-2.2.2-cp311-cp311-musllinux_1_1_x86_64.whl", hash = "sha256:0cace394b6ea70c01ca1595f839cf193df35d1575986e484ad35c4aeae7266c1", size = 13879507 },
    { url = "https://files.pythonhosted.org/packages/ab/63/966db1321a0ad55df1d1fe51505d2cdae191b84c907974873817b0a6e849/pandas-2.2.2-cp311-cp311-win_amd64.whl", hash = "sha256:873d13d177501a28b2756375d59816c365e42ed8417b41665f346289adc68d24", size = 11634249 },
    { url = "https://files.pythonhosted.org/packages/dd/49/de869130028fb8d90e25da3b7d8fb13e40f5afa4c4af1781583eb1ff3839/pandas-2.2.2-cp312-cp312-macosx_10_9_x86_64.whl", hash = "sha256:9dfde2a0ddef507a631dc9dc4af6a9489d5e2e740e226ad426a05cabfbd7c8ef", size = 12500886 },
    { url = "https://files.pythonhosted.org/packages/db/7c/9a60add21b96140e22465d9adf09832feade45235cd22f4cb1668a25e443/pandas-2.2.2-cp312-cp312-macosx_11_0_arm64.whl", hash = "sha256:e9b79011ff7a0f4b1d6da6a61aa1aa604fb312d6647de5bad20013682d1429ce", size = 11340320 },
    { url = "https://files.pythonhosted.org/packages/b0/85/f95b5f322e1ae13b7ed7e97bd999160fa003424711ab4dc8344b8772c270/pandas-2.2.2-cp312-cp312-manylinux_2_17_aarch64.manylinux2014_aarch64.whl", hash = "sha256:1cb51fe389360f3b5a4d57dbd2848a5f033350336ca3b340d1c53a1fad33bcad", size = 15204346 },
    { url = "https://files.pythonhosted.org/packages/40/10/79e52ef01dfeb1c1ca47a109a01a248754ebe990e159a844ece12914de83/pandas-2.2.2-cp312-cp312-manylinux_2_17_x86_64.manylinux2014_x86_64.whl", hash = "sha256:eee3a87076c0756de40b05c5e9a6069c035ba43e8dd71c379e68cab2c20f16ad", size = 12733396 },
    { url = "https://files.pythonhosted.org/packages/35/9d/208febf8c4eb5c1d9ea3314d52d8bd415fd0ef0dd66bb24cc5bdbc8fa71a/pandas-2.2.2-cp312-cp312-musllinux_1_1_aarch64.whl", hash = "sha256:3e374f59e440d4ab45ca2fffde54b81ac3834cf5ae2cdfa69c90bc03bde04d76", size = 15858913 },
    { url = "https://files.pythonhosted.org/packages/99/d1/2d9bd05def7a9e08a92ec929b5a4c8d5556ec76fae22b0fa486cbf33ea63/pandas-2.2.2-cp312-cp312-musllinux_1_1_x86_64.whl", hash = "sha256:43498c0bdb43d55cb162cdc8c06fac328ccb5d2eabe3cadeb3529ae6f0517c32", size = 13417786 },
    { url = "https://files.pythonhosted.org/packages/22/a5/a0b255295406ed54269814bc93723cfd1a0da63fb9aaf99e1364f07923e5/pandas-2.2.2-cp312-cp312-win_amd64.whl", hash = "sha256:d187d355ecec3629624fccb01d104da7d7f391db0311145817525281e2804d23", size = 11498828 },
    { url = "https://files.pythonhosted.org/packages/1b/cc/eb6ce83667131667c6561e009823e72aa5c76698e75552724bdfc8d1ef0b/pandas-2.2.2-cp39-cp39-macosx_10_9_x86_64.whl", hash = "sha256:0ca6377b8fca51815f382bd0b697a0814c8bda55115678cbc94c30aacbb6eff2", size = 12566406 },
    { url = "https://files.pythonhosted.org/packages/96/08/9ad65176f854fd5eb806a27da6e8b6c12d5ddae7ef3bd80d8b3009099333/pandas-2.2.2-cp39-cp39-macosx_11_0_arm64.whl", hash = "sha256:9057e6aa78a584bc93a13f0a9bf7e753a5e9770a30b4d758b8d5f2a62a9433cd", size = 11304008 },
    { url = "https://files.pythonhosted.org/packages/aa/30/5987c82fea318ac7d6bcd083c5b5259d4000e99dd29ae7a9357c65a1b17a/pandas-2.2.2-cp39-cp39-manylinux_2_17_aarch64.manylinux2014_aarch64.whl", hash = "sha256:001910ad31abc7bf06f49dcc903755d2f7f3a9186c0c040b827e522e9cef0863", size = 15662279 },
    { url = "https://files.pythonhosted.org/packages/bb/30/f6f1f1ac36250f50c421b1b6af08c35e5a8b5a84385ef928625336b93e6f/pandas-2.2.2-cp39-cp39-manylinux_2_17_x86_64.manylinux2014_x86_64.whl", hash = "sha256:66b479b0bd07204e37583c191535505410daa8df638fd8e75ae1b383851fe921", size = 13069490 },
    { url = "https://files.pythonhosted.org/packages/b5/27/76c1509f505d1f4cb65839352d099c90a13019371e90347166811aa6a075/pandas-2.2.2-cp39-cp39-musllinux_1_1_aarch64.whl", hash = "sha256:a77e9d1c386196879aa5eb712e77461aaee433e54c68cf253053a73b7e49c33a", size = 16299412 },
    { url = "https://files.pythonhosted.org/packages/5d/11/a5a2f52936fba3afc42de35b19cae941284d973649cb6949bc41cc2e5901/pandas-2.2.2-cp39-cp39-musllinux_1_1_x86_64.whl", hash = "sha256:92fd6b027924a7e178ac202cfbe25e53368db90d56872d20ffae94b96c7acc57", size = 13920884 },
    { url = "https://files.pythonhosted.org/packages/bf/2c/a0cee9c392a4c9227b835af27f9260582b994f9a2b5ec23993b596e5deb7/pandas-2.2.2-cp39-cp39-win_amd64.whl", hash = "sha256:640cef9aa381b60e296db324337a554aeeb883ead99dc8f6c18e81a93942f5f4", size = 11637580 },
]

[[package]]
name = "pyogrio"
version = "0.9.0"
source = { registry = "https://pypi.org/simple" }
dependencies = [
    { name = "certifi" },
    { name = "numpy" },
    { name = "packaging" },
]
sdist = { url = "https://files.pythonhosted.org/packages/4e/09/a13ffa71f617f3c76f31984bc4fc237aede9988d89056b278efcb97f6fb0/pyogrio-0.9.0.tar.gz", hash = "sha256:6a6fa2e8cf95b3d4a7c0fac48bce6e5037579e28d3eb33b53349d6e11f15e5a8", size = 352526 }
wheels = [
    { url = "https://files.pythonhosted.org/packages/57/49/0c9d79e76e35ead21e08dfa1dbb6640ffe3e4795ff7c7b464f20ea575dd3/pyogrio-0.9.0-cp310-cp310-macosx_12_0_arm64.whl", hash = "sha256:1a495ca4fb77c69595747dd688f8f17bb7d2ea9cd86603aa71c7fc98cc8b4174", size = 14750955 },
    { url = "https://files.pythonhosted.org/packages/e6/5b/74b66afcfbed2171d012756ec1f9f9f0b4befa39f553fb41db7ea8beface/pyogrio-0.9.0-cp310-cp310-macosx_12_0_x86_64.whl", hash = "sha256:6dc94a67163218581c7df275223488ac9b31dc582ccd756da607c3338908566c", size = 16083649 },
    { url = "https://files.pythonhosted.org/packages/a2/02/ced7d7c24750f59ff78241d9adf424fbd295c130d9a287326fa1891738fa/pyogrio-0.9.0-cp310-cp310-manylinux_2_17_x86_64.manylinux2014_x86_64.whl", hash = "sha256:e38c3c6d37cf2cc969407e4d051dcb507cfd948eb26c7b0840c4f7d7d4a71bd4", size = 23119278 },
    { url = "https://files.pythonhosted.org/packages/60/d4/238db9a337af817ed4fe185238992d8a486f2bbb73d2aedf06bade90d5ff/pyogrio-0.9.0-cp310-cp310-manylinux_2_28_aarch64.whl", hash = "sha256:f47c9b6818cc0f420015b672d5dcc488530a5ee63e5ba35a184957b21ea3922a", size = 22329476 },
    { url = "https://files.pythonhosted.org/packages/39/f6/340775c4833818621b75a978074f277b1d9831621c5789ba43e73f331c64/pyogrio-0.9.0-cp310-cp310-win_amd64.whl", hash = "sha256:fb04bd80964428491951766452f0071b0bc37c7d38c45ef02502dbd83e5d74a0", size = 15916090 },
    { url = "https://files.pythonhosted.org/packages/21/c2/f4ce7e004550a1ff74c83465fb9d11507f2d77dfab54203320e68fcd3c90/pyogrio-0.9.0-cp311-cp311-macosx_12_0_arm64.whl", hash = "sha256:f5d80eb846be4fc4e642cbedc1ed0c143e8d241653382ecc76a7620bbd2a5c3a", size = 14750921 },
    { url = "https://files.pythonhosted.org/packages/70/b1/d04cdfe873f79fdf166c6bc8d774788bc9b981a1da61a24cb37d477f9c4e/pyogrio-0.9.0-cp311-cp311-macosx_12_0_x86_64.whl", hash = "sha256:2f2ec57ab74785db9c2bf47c0a6731e5175595a13f8253f06fa84136adb310a9", size = 16084054 },
    { url = "https://files.pythonhosted.org/packages/9f/b1/3fe38d767f141a355e4fa60db18cdcb2c2d6d93ac118358eb7a8b32d6de6/pyogrio-0.9.0-cp311-cp311-manylinux_2_17_x86_64.manylinux2014_x86_64.whl", hash = "sha256:4a289584da6df7ca318947301fe0ba9177e7f863f63110e087c80ac5f3658de8", size = 23293617 },
    { url = "https://files.pythonhosted.org/packages/ca/3a/0bea19eb7bf62753511a958794fbb977bb8d60233a19f92753fdfad7b0a5/pyogrio-0.9.0-cp311-cp311-manylinux_2_28_aarch64.whl", hash = "sha256:13642608a1cd67797ae8b5d792b0518d8ef3eb76506c8232ab5eaa1ea1159dff", size = 22505290 },
    { url = "https://files.pythonhosted.org/packages/9d/66/ddb1c74c06c858ddbe889c68fea177d1d9c711af553d355417bdef8eaf17/pyogrio-0.9.0-cp311-cp311-win_amd64.whl", hash = "sha256:9440466c0211ac81f3417f274da5903f15546b486f76b2f290e74a56aaf0e737", size = 15917041 },
    { url = "https://files.pythonhosted.org/packages/17/96/501a7a29ecb9fd47b6ec2328cd2f58f85f7e6a743248b408cb03ba1ce720/pyogrio-0.9.0-cp312-cp312-macosx_12_0_arm64.whl", hash = "sha256:2e98913fa183f7597c609e774820a149e9329fd2a0f8d33978252fbd00ae87e6", size = 14747231 },
    { url = "https://files.pythonhosted.org/packages/bc/d5/de505b60827756162e98898b692284e2fce0ca67e82fcd1ae3857c113673/pyogrio-0.9.0-cp312-cp312-macosx_12_0_x86_64.whl", hash = "sha256:f8bf193269ea9d347ac3ddada960a59f1ab2e4a5c009be95dc70e6505346b2fc", size = 16069677 },
    { url = "https://files.pythonhosted.org/packages/2d/61/9554c20853c45f157084e53b10380acc75f2aab52e65350c9c12e9613e2c/pyogrio-0.9.0-cp312-cp312-manylinux_2_17_x86_64.manylinux2014_x86_64.whl", hash = "sha256:3f964002d445521ad5b8e732a6b5ef0e2d2be7fe566768e5075c1d71398da64a", size = 23262597 },
    { url = "https://files.pythonhosted.org/packages/ed/22/0bd9af84c9aa6998fcf47deb68a1393109997c170ebee1300b1bb4d353ae/pyogrio-0.9.0-cp312-cp312-manylinux_2_28_aarch64.whl", hash = "sha256:083351b258b3e08b6c6085dac560bd321b68de5cb4a66229095da68d5f3d696b", size = 22441210 },
    { url = "https://files.pythonhosted.org/packages/c3/fa/45efa8c96744ddd92c3ce3a80ddba8512954cc7c5407876e2ff2ffea0c10/pyogrio-0.9.0-cp312-cp312-win_amd64.whl", hash = "sha256:796e4f6a4e769b2eb6fea9a10546ea4bdee16182d1e29802b4d6349363c3c1d7", size = 15905657 },
    { url = "https://files.pythonhosted.org/packages/2b/5c/83a2406c69cfb79136104abdec4413801f725f9d06c44560c0598b822cbd/pyogrio-0.9.0-cp39-cp39-macosx_12_0_arm64.whl", hash = "sha256:2829615cf58b1b24a9f96fea42abedaa1a800dd351c67374cc2f6341138608f3", size = 14751187 },
    { url = "https://files.pythonhosted.org/packages/9c/c3/f9ad3251922e9b0ff672a4f7f04364c8f5644b0041009e53608f8ef70f90/pyogrio-0.9.0-cp39-cp39-macosx_12_0_x86_64.whl", hash = "sha256:17420febc17651876d5140b54b24749aa751d482b5f9ef6267b8053e6e962876", size = 16083763 },
    { url = "https://files.pythonhosted.org/packages/a0/f6/564e90bc8a07cb4895e15e396bc10aeb214a369cd9594f67672c93e1c111/pyogrio-0.9.0-cp39-cp39-manylinux_2_17_x86_64.manylinux2014_x86_64.whl", hash = "sha256:3a2fcaa269031dbbc8ebd91243c6452c5d267d6df939c008ab7533413c9cf92d", size = 23114424 },
    { url = "https://files.pythonhosted.org/packages/21/2f/88b69cc7fd095d2c802843282cab554a9a5c7ff81ba929c402a75706c525/pyogrio-0.9.0-cp39-cp39-manylinux_2_28_aarch64.whl", hash = "sha256:019731a856a9abfe909e86f50eb13f8362f6742337caf757c54b7c8acfe75b89", size = 22318694 },
    { url = "https://files.pythonhosted.org/packages/eb/4f/06e4b3ad1b300bfb863093a10614b1c014a4d7a955c14016087dd4269387/pyogrio-0.9.0-cp39-cp39-win_amd64.whl", hash = "sha256:d668cb10f2bf6ccd7c402f91e8b06290722dd09dbe265ae95b2c13db29ebeba0", size = 15917284 },
]

[[package]]
name = "pyproj"
version = "3.6.1"
source = { registry = "https://pypi.org/simple" }
dependencies = [
    { name = "certifi" },
]
sdist = { url = "https://files.pythonhosted.org/packages/7d/84/2b39bbf888c753ea48b40d47511548c77aa03445465c35cc4c4e9649b643/pyproj-3.6.1.tar.gz", hash = "sha256:44aa7c704c2b7d8fb3d483bbf75af6cb2350d30a63b144279a09b75fead501bf", size = 225131 }
wheels = [
    { url = "https://files.pythonhosted.org/packages/c5/32/63cf474f4a8d4804b3bdf7c16b8589f38142e8e2f8319dcea27e0bc21a87/pyproj-3.6.1-cp310-cp310-macosx_10_9_x86_64.whl", hash = "sha256:ab7aa4d9ff3c3acf60d4b285ccec134167a948df02347585fdd934ebad8811b4", size = 6142763 },
    { url = "https://files.pythonhosted.org/packages/18/86/2e7cb9de40492f1bafbf11f4c9072edc394509a40b5e4c52f8139546f039/pyproj-3.6.1-cp310-cp310-macosx_11_0_arm64.whl", hash = "sha256:4bc0472302919e59114aa140fd7213c2370d848a7249d09704f10f5b062031fe", size = 4877123 },
    { url = "https://files.pythonhosted.org/packages/5e/c5/928d5a26995dbefbebd7507d982141cd9153bc7e4392b334fff722c4af12/pyproj-3.6.1-cp310-cp310-manylinux_2_17_aarch64.manylinux2014_aarch64.whl", hash = "sha256:5279586013b8d6582e22b6f9e30c49796966770389a9d5b85e25a4223286cd3f", size = 6190576 },
    { url = "https://files.pythonhosted.org/packages/f6/2b/b60cf73b0720abca313bfffef34e34f7f7dae23852b2853cf0368d49426b/pyproj-3.6.1-cp310-cp310-manylinux_2_17_x86_64.manylinux2014_x86_64.whl", hash = "sha256:80fafd1f3eb421694857f254a9bdbacd1eb22fc6c24ca74b136679f376f97d35", size = 8328075 },
    { url = "https://files.pythonhosted.org/packages/d9/a8/7193f46032636be917bc775506ae987aad72c931b1f691b775ca812a2917/pyproj-3.6.1-cp310-cp310-win32.whl", hash = "sha256:c41e80ddee130450dcb8829af7118f1ab69eaf8169c4bf0ee8d52b72f098dc2f", size = 5635713 },
    { url = "https://files.pythonhosted.org/packages/89/8f/27350c8fba71a37cd0d316f100fbd96bf139cc2b5ff1ab0dcbc7ac64010a/pyproj-3.6.1-cp310-cp310-win_amd64.whl", hash = "sha256:db3aedd458e7f7f21d8176f0a1d924f1ae06d725228302b872885a1c34f3119e", size = 6087932 },
    { url = "https://files.pythonhosted.org/packages/84/a6/a300c1b14b2112e966e9f90b18f9c13b586bdcf417207cee913ae9005da3/pyproj-3.6.1-cp311-cp311-macosx_10_9_x86_64.whl", hash = "sha256:ebfbdbd0936e178091309f6cd4fcb4decd9eab12aa513cdd9add89efa3ec2882", size = 6147442 },
    { url = "https://files.pythonhosted.org/packages/30/bd/b9bd3761f08754e8dbb34c5a647db2099b348ab5da338e90980caf280e37/pyproj-3.6.1-cp311-cp311-macosx_11_0_arm64.whl", hash = "sha256:447db19c7efad70ff161e5e46a54ab9cc2399acebb656b6ccf63e4bc4a04b97a", size = 4880331 },
    { url = "https://files.pythonhosted.org/packages/f4/0a/d82aeeb605b5d6870bc72307c3b5e044e632eb7720df8885e144f51a8eac/pyproj-3.6.1-cp311-cp311-manylinux_2_17_aarch64.manylinux2014_aarch64.whl", hash = "sha256:e7e13c40183884ec7f94eb8e0f622f08f1d5716150b8d7a134de48c6110fee85", size = 6192425 },
    { url = "https://files.pythonhosted.org/packages/64/90/dfe5c00de1ca4dbb82606e79790659d4ed7f0ed8d372bccb3baca2a5abe0/pyproj-3.6.1-cp311-cp311-manylinux_2_17_x86_64.manylinux2014_x86_64.whl", hash = "sha256:65ad699e0c830e2b8565afe42bd58cc972b47d829b2e0e48ad9638386d994915", size = 8571478 },
    { url = "https://files.pythonhosted.org/packages/14/6d/ae373629a1723f0db80d7b8c93598b00d9ecb930ed9ebf4f35826a33e97c/pyproj-3.6.1-cp311-cp311-win32.whl", hash = "sha256:8b8acc31fb8702c54625f4d5a2a6543557bec3c28a0ef638778b7ab1d1772132", size = 5634575 },
    { url = "https://files.pythonhosted.org/packages/79/95/eb68113c5b5737c342bde1bab92705dabe69c16299c5a122616e50f1fbd6/pyproj-3.6.1-cp311-cp311-win_amd64.whl", hash = "sha256:38a3361941eb72b82bd9a18f60c78b0df8408416f9340521df442cebfc4306e2", size = 6088494 },
    { url = "https://files.pythonhosted.org/packages/0b/64/93232511a7906a492b1b7dfdfc17f4e95982d76a24ef4f86d18cfe7ae2c9/pyproj-3.6.1-cp312-cp312-macosx_10_9_x86_64.whl", hash = "sha256:1e9fbaf920f0f9b4ee62aab832be3ae3968f33f24e2e3f7fbb8c6728ef1d9746", size = 6135280 },
    { url = "https://files.pythonhosted.org/packages/10/f2/b550b1f65cc7e51c9116b220b50aade60c439103432a3fd5b12efbc77e15/pyproj-3.6.1-cp312-cp312-macosx_11_0_arm64.whl", hash = "sha256:6d227a865356f225591b6732430b1d1781e946893789a609bb34f59d09b8b0f8", size = 4880030 },
    { url = "https://files.pythonhosted.org/packages/fe/4b/2f8f6f94643b9fe2083338eff294feda84d916409b5840b7a402d2be93f8/pyproj-3.6.1-cp312-cp312-manylinux_2_17_aarch64.manylinux2014_aarch64.whl", hash = "sha256:83039e5ae04e5afc974f7d25ee0870a80a6bd6b7957c3aca5613ccbe0d3e72bf", size = 6184439 },
    { url = "https://files.pythonhosted.org/packages/19/9b/c57569132174786aa3f72275ac306956859a639dad0ce8d95c8411ce8209/pyproj-3.6.1-cp312-cp312-manylinux_2_17_x86_64.manylinux2014_x86_64.whl", hash = "sha256:fffb059ba3bced6f6725961ba758649261d85ed6ce670d3e3b0a26e81cf1aa8d", size = 8660747 },
    { url = "https://files.pythonhosted.org/packages/0e/ab/1c2159ec757677c5a6b8803f6be45c2b550dc42c84ec4a228dc219849bbb/pyproj-3.6.1-cp312-cp312-win32.whl", hash = "sha256:2d6ff73cc6dbbce3766b6c0bce70ce070193105d8de17aa2470009463682a8eb", size = 5626805 },
    { url = "https://files.pythonhosted.org/packages/c7/f3/2f32fe143cd7ba1d4d68f1b6dce9ca402d909cbd5a5830e3a8fa3d1acbbf/pyproj-3.6.1-cp312-cp312-win_amd64.whl", hash = "sha256:7a27151ddad8e1439ba70c9b4b2b617b290c39395fa9ddb7411ebb0eb86d6fb0", size = 6079779 },
    { url = "https://files.pythonhosted.org/packages/d7/50/d369bbe62d7a0d1e2cb40bc211da86a3f6e0f3c99f872957a72c3d5492d6/pyproj-3.6.1-cp39-cp39-macosx_10_9_x86_64.whl", hash = "sha256:4ba1f9b03d04d8cab24d6375609070580a26ce76eaed54631f03bab00a9c737b", size = 6144755 },
    { url = "https://files.pythonhosted.org/packages/2c/c2/8d4f61065dfed965e53badd41201ad86a05af0c1bbc75dffb12ef0f5a7dd/pyproj-3.6.1-cp39-cp39-macosx_11_0_arm64.whl", hash = "sha256:18faa54a3ca475bfe6255156f2f2874e9a1c8917b0004eee9f664b86ccc513d3", size = 4879187 },
    { url = "https://files.pythonhosted.org/packages/31/38/2cf8777cb2d5622a78195e690281b7029098795fde4751aec8128238b8bb/pyproj-3.6.1-cp39-cp39-manylinux_2_17_aarch64.manylinux2014_aarch64.whl", hash = "sha256:fd43bd9a9b9239805f406fd82ba6b106bf4838d9ef37c167d3ed70383943ade1", size = 6192339 },
    { url = "https://files.pythonhosted.org/packages/97/0a/b1525be9680369cc06dd288e12c59d24d5798b4afcdcf1b0915836e1caa6/pyproj-3.6.1-cp39-cp39-manylinux_2_17_x86_64.manylinux2014_x86_64.whl", hash = "sha256:50100b2726a3ca946906cbaa789dd0749f213abf0cbb877e6de72ca7aa50e1ae", size = 8332638 },
    { url = "https://files.pythonhosted.org/packages/8d/e8/e826e0a962f36bd925a933829cf6ef218efe2055db5ea292be40974a929d/pyproj-3.6.1-cp39-cp39-win32.whl", hash = "sha256:9274880263256f6292ff644ca92c46d96aa7e57a75c6df3f11d636ce845a1877", size = 5638159 },
    { url = "https://files.pythonhosted.org/packages/43/d0/cbe29a4dcf38ee7e72bf695d0d3f2bee21b4f22ee6cf579ad974de9edfc8/pyproj-3.6.1-cp39-cp39-win_amd64.whl", hash = "sha256:36b64c2cb6ea1cc091f329c5bd34f9c01bb5da8c8e4492c709bda6a09f96808f", size = 6090565 },
    { url = "https://files.pythonhosted.org/packages/43/28/e8d2ca71dd56c27cbe668e4226963d61956cded222a2e839e6fec1ab6d82/pyproj-3.6.1-pp39-pypy39_pp73-macosx_10_9_x86_64.whl", hash = "sha256:fd93c1a0c6c4aedc77c0fe275a9f2aba4d59b8acf88cebfc19fe3c430cfabf4f", size = 6034252 },
    { url = "https://files.pythonhosted.org/packages/cb/39/1ce27cb86f51a1f5aed3a1617802a6131b59ea78492141d1fbe36722595e/pyproj-3.6.1-pp39-pypy39_pp73-manylinux_2_17_x86_64.manylinux2014_x86_64.whl", hash = "sha256:6420ea8e7d2a88cb148b124429fba8cd2e0fae700a2d96eab7083c0928a85110", size = 6386263 },
]

[[package]]
name = "python-dateutil"
version = "2.9.0.post0"
source = { registry = "https://pypi.org/simple" }
dependencies = [
    { name = "six" },
]
sdist = { url = "https://files.pythonhosted.org/packages/66/c0/0c8b6ad9f17a802ee498c46e004a0eb49bc148f2fd230864601a86dcf6db/python-dateutil-2.9.0.post0.tar.gz", hash = "sha256:37dd54208da7e1cd875388217d5e00ebd4179249f90fb72437e91a35459a0ad3", size = 342432 }
wheels = [
    { url = "https://files.pythonhosted.org/packages/ec/57/56b9bcc3c9c6a792fcbaf139543cee77261f3651ca9da0c93f5c1221264b/python_dateutil-2.9.0.post0-py2.py3-none-any.whl", hash = "sha256:a8b2bc7bffae282281c8140a97d3aa9c14da0b136dfe83f850eea9a5f7470427", size = 229892 },
]

[[package]]
name = "pytz"
version = "2024.1"
source = { registry = "https://pypi.org/simple" }
sdist = { url = "https://files.pythonhosted.org/packages/90/26/9f1f00a5d021fff16dee3de13d43e5e978f3d58928e129c3a62cf7eb9738/pytz-2024.1.tar.gz", hash = "sha256:2a29735ea9c18baf14b448846bde5a48030ed267578472d8955cd0e7443a9812", size = 316214 }
wheels = [
    { url = "https://files.pythonhosted.org/packages/9c/3d/a121f284241f08268b21359bd425f7d4825cffc5ac5cd0e1b3d82ffd2b10/pytz-2024.1-py2.py3-none-any.whl", hash = "sha256:328171f4e3623139da4983451950b28e95ac706e13f3f2630a879749e7a8b319", size = 505474 },
]

[[package]]
name = "shapely"
version = "2.0.6"
source = { registry = "https://pypi.org/simple" }
dependencies = [
    { name = "numpy" },
]
sdist = { url = "https://files.pythonhosted.org/packages/4a/89/0d20bac88016be35ff7d3c0c2ae64b477908f1b1dfa540c5d69ac7af07fe/shapely-2.0.6.tar.gz", hash = "sha256:997f6159b1484059ec239cacaa53467fd8b5564dabe186cd84ac2944663b0bf6", size = 282361 }
wheels = [
    { url = "https://files.pythonhosted.org/packages/17/d4/f84bbbdb7771f5b9ade94db2398b256cf1471f1eb0ca8afbe0f6ca725d5a/shapely-2.0.6-cp310-cp310-macosx_10_9_x86_64.whl", hash = "sha256:29a34e068da2d321e926b5073539fd2a1d4429a2c656bd63f0bd4c8f5b236d0b", size = 1449635 },
    { url = "https://files.pythonhosted.org/packages/03/10/bd6edb66ed0a845f0809f7ce653596f6fd9c6be675b3653872f47bf49f82/shapely-2.0.6-cp310-cp310-macosx_11_0_arm64.whl", hash = "sha256:e1c84c3f53144febf6af909d6b581bc05e8785d57e27f35ebaa5c1ab9baba13b", size = 1296756 },
    { url = "https://files.pythonhosted.org/packages/af/09/6374c11cb493a9970e8c04d7be25f578a37f6494a2fecfbed3a447b16b2c/shapely-2.0.6-cp310-cp310-manylinux_2_17_aarch64.manylinux2014_aarch64.whl", hash = "sha256:2ad2fae12dca8d2b727fa12b007e46fbc522148a584f5d6546c539f3464dccde", size = 2381960 },
    { url = "https://files.pythonhosted.org/packages/2b/a6/302e0d9c210ccf4d1ffadf7ab941797d3255dcd5f93daa73aaf116a4db39/shapely-2.0.6-cp310-cp310-manylinux_2_17_x86_64.manylinux2014_x86_64.whl", hash = "sha256:b3304883bd82d44be1b27a9d17f1167fda8c7f5a02a897958d86c59ec69b705e", size = 2468133 },
    { url = "https://files.pythonhosted.org/packages/8c/be/e448681dc485f2931d4adee93d531fce93608a3ee59433303cc1a46e21a5/shapely-2.0.6-cp310-cp310-win32.whl", hash = "sha256:3ec3a0eab496b5e04633a39fa3d5eb5454628228201fb24903d38174ee34565e", size = 1294982 },
    { url = "https://files.pythonhosted.org/packages/cd/4c/6f4a6fc085e3be01c4c9de0117a2d373bf9fec5f0426cf4d5c94090a5a4d/shapely-2.0.6-cp310-cp310-win_amd64.whl", hash = "sha256:28f87cdf5308a514763a5c38de295544cb27429cfa655d50ed8431a4796090c4", size = 1441141 },
    { url = "https://files.pythonhosted.org/packages/37/15/269d8e1f7f658a37e61f7028683c546f520e4e7cedba1e32c77ff9d3a3c7/shapely-2.0.6-cp311-cp311-macosx_10_9_x86_64.whl", hash = "sha256:5aeb0f51a9db176da9a30cb2f4329b6fbd1e26d359012bb0ac3d3c7781667a9e", size = 1449578 },
    { url = "https://files.pythonhosted.org/packages/37/63/e182e43081fffa0a2d970c480f2ef91647a6ab94098f61748c23c2a485f2/shapely-2.0.6-cp311-cp311-macosx_11_0_arm64.whl", hash = "sha256:9a7a78b0d51257a367ee115f4d41ca4d46edbd0dd280f697a8092dd3989867b2", size = 1296792 },
    { url = "https://files.pythonhosted.org/packages/6e/5a/d019f69449329dcd517355444fdb9ddd58bec5e080b8bdba007e8e4c546d/shapely-2.0.6-cp311-cp311-manylinux_2_17_aarch64.manylinux2014_aarch64.whl", hash = "sha256:f32c23d2f43d54029f986479f7c1f6e09c6b3a19353a3833c2ffb226fb63a855", size = 2443997 },
    { url = "https://files.pythonhosted.org/packages/25/aa/53f145e5a610a49af9ac49f2f1be1ec8659ebd5c393d66ac94e57c83b00e/shapely-2.0.6-cp311-cp311-manylinux_2_17_x86_64.manylinux2014_x86_64.whl", hash = "sha256:b3dc9fb0eb56498912025f5eb352b5126f04801ed0e8bdbd867d21bdbfd7cbd0", size = 2528334 },
    { url = "https://files.pythonhosted.org/packages/64/64/0c7b0a22b416d36f6296b92bb4219d82b53d0a7c47e16fd0a4c85f2f117c/shapely-2.0.6-cp311-cp311-win32.whl", hash = "sha256:d93b7e0e71c9f095e09454bf18dad5ea716fb6ced5df3cb044564a00723f339d", size = 1294669 },
    { url = "https://files.pythonhosted.org/packages/b1/5a/6a67d929c467a1973b6bb9f0b00159cc343b02bf9a8d26db1abd2f87aa23/shapely-2.0.6-cp311-cp311-win_amd64.whl", hash = "sha256:c02eb6bf4cfb9fe6568502e85bb2647921ee49171bcd2d4116c7b3109724ef9b", size = 1442032 },
    { url = "https://files.pythonhosted.org/packages/46/77/efd9f9d4b6a762f976f8b082f54c9be16f63050389500fb52e4f6cc07c1a/shapely-2.0.6-cp312-cp312-macosx_10_9_x86_64.whl", hash = "sha256:cec9193519940e9d1b86a3b4f5af9eb6910197d24af02f247afbfb47bcb3fab0", size = 1450326 },
    { url = "https://files.pythonhosted.org/packages/68/53/5efa6e7a4036a94fe6276cf7bbb298afded51ca3396b03981ad680c8cc7d/shapely-2.0.6-cp312-cp312-macosx_11_0_arm64.whl", hash = "sha256:83b94a44ab04a90e88be69e7ddcc6f332da7c0a0ebb1156e1c4f568bbec983c3", size = 1298480 },
    { url = "https://files.pythonhosted.org/packages/88/a2/1be1db4fc262e536465a52d4f19d85834724fedf2299a1b9836bc82fe8fa/shapely-2.0.6-cp312-cp312-manylinux_2_17_aarch64.manylinux2014_aarch64.whl", hash = "sha256:537c4b2716d22c92036d00b34aac9d3775e3691f80c7aa517c2c290351f42cd8", size = 2439311 },
    { url = "https://files.pythonhosted.org/packages/d5/7d/9a57e187cbf2fbbbdfd4044a4f9ce141c8d221f9963750d3b001f0ec080d/shapely-2.0.6-cp312-cp312-manylinux_2_17_x86_64.manylinux2014_x86_64.whl", hash = "sha256:98fea108334be345c283ce74bf064fa00cfdd718048a8af7343c59eb40f59726", size = 2524835 },
    { url = "https://files.pythonhosted.org/packages/6d/0a/f407509ab56825f39bf8cfce1fb410238da96cf096809c3e404e5bc71ea1/shapely-2.0.6-cp312-cp312-win32.whl", hash = "sha256:42fd4cd4834747e4990227e4cbafb02242c0cffe9ce7ef9971f53ac52d80d55f", size = 1295613 },
    { url = "https://files.pythonhosted.org/packages/7b/b3/857afd9dfbfc554f10d683ac412eac6fa260d1f4cd2967ecb655c57e831a/shapely-2.0.6-cp312-cp312-win_amd64.whl", hash = "sha256:665990c84aece05efb68a21b3523a6b2057e84a1afbef426ad287f0796ef8a48", size = 1442539 },
    { url = "https://files.pythonhosted.org/packages/34/e8/d164ef5b0eab86088cde06dee8415519ffd5bb0dd1bd9d021e640e64237c/shapely-2.0.6-cp313-cp313-macosx_10_13_x86_64.whl", hash = "sha256:42805ef90783ce689a4dde2b6b2f261e2c52609226a0438d882e3ced40bb3013", size = 1445344 },
    { url = "https://files.pythonhosted.org/packages/ce/e2/9fba7ac142f7831757a10852bfa465683724eadbc93d2d46f74a16f9af04/shapely-2.0.6-cp313-cp313-macosx_11_0_arm64.whl", hash = "sha256:6d2cb146191a47bd0cee8ff5f90b47547b82b6345c0d02dd8b25b88b68af62d7", size = 1296182 },
    { url = "https://files.pythonhosted.org/packages/cf/dc/790d4bda27d196cd56ec66975eaae3351c65614cafd0e16ddde39ec9fb92/shapely-2.0.6-cp313-cp313-manylinux_2_17_aarch64.manylinux2014_aarch64.whl", hash = "sha256:e3fdef0a1794a8fe70dc1f514440aa34426cc0ae98d9a1027fb299d45741c381", size = 2423426 },
    { url = "https://files.pythonhosted.org/packages/af/b0/f8169f77eac7392d41e231911e0095eb1148b4d40c50ea9e34d999c89a7e/shapely-2.0.6-cp313-cp313-manylinux_2_17_x86_64.manylinux2014_x86_64.whl", hash = "sha256:2c665a0301c645615a107ff7f52adafa2153beab51daf34587170d85e8ba6805", size = 2513249 },
    { url = "https://files.pythonhosted.org/packages/f6/1d/a8c0e9ab49ff2f8e4dedd71b0122eafb22a18ad7e9d256025e1f10c84704/shapely-2.0.6-cp313-cp313-win32.whl", hash = "sha256:0334bd51828f68cd54b87d80b3e7cee93f249d82ae55a0faf3ea21c9be7b323a", size = 1294848 },
    { url = "https://files.pythonhosted.org/packages/23/38/2bc32dd1e7e67a471d4c60971e66df0bdace88656c47a9a728ace0091075/shapely-2.0.6-cp313-cp313-win_amd64.whl", hash = "sha256:d37d070da9e0e0f0a530a621e17c0b8c3c9d04105655132a87cfff8bd77cc4c2", size = 1441371 },
    { url = "https://files.pythonhosted.org/packages/9d/6f/19fda412323f512e21b8888523596177070bca29a80d1b70f4b6a5e7869f/shapely-2.0.6-cp39-cp39-macosx_10_9_x86_64.whl", hash = "sha256:392f66f458a0a2c706254f473290418236e52aa4c9b476a072539d63a2460595", size = 1451236 },
    { url = "https://files.pythonhosted.org/packages/bc/f5/5dfd13e90fe881560b4b1196e47fab48d6469c33d0b78d0f57a5e10bd409/shapely-2.0.6-cp39-cp39-macosx_11_0_arm64.whl", hash = "sha256:eba5bae271d523c938274c61658ebc34de6c4b33fdf43ef7e938b5776388c1be", size = 1298209 },
    { url = "https://files.pythonhosted.org/packages/76/89/6be88c828e2c671dfdd5b0c875d08c8573c6f1bac759f297b166e0b2c64c/shapely-2.0.6-cp39-cp39-manylinux_2_17_aarch64.manylinux2014_aarch64.whl", hash = "sha256:7060566bc4888b0c8ed14b5d57df8a0ead5c28f9b69fb6bed4476df31c51b0af", size = 2389098 },
    { url = "https://files.pythonhosted.org/packages/a5/b2/6a4589439880244f86c1d3061efd91faf8ec21e646df18730810b6d59481/shapely-2.0.6-cp39-cp39-manylinux_2_17_x86_64.manylinux2014_x86_64.whl", hash = "sha256:b02154b3e9d076a29a8513dffcb80f047a5ea63c897c0cd3d3679f29363cf7e5", size = 2473382 },
    { url = "https://files.pythonhosted.org/packages/42/dd/2a039361d249dc84f0470173356c36d74516fe2978dfdde98197618f4e5c/shapely-2.0.6-cp39-cp39-win32.whl", hash = "sha256:44246d30124a4f1a638a7d5419149959532b99dfa25b54393512e6acc9c211ac", size = 1296873 },
    { url = "https://files.pythonhosted.org/packages/a7/68/0e4b9aab76d2b7f44013dc98aa16c7f9e33dd1b34088140fb15664967e8b/shapely-2.0.6-cp39-cp39-win_amd64.whl", hash = "sha256:2b542d7f1dbb89192d3512c52b679c822ba916f93479fa5d4fc2fe4fa0b3c9e8", size = 1442993 },
]

[[package]]
name = "six"
version = "1.16.0"
source = { registry = "https://pypi.org/simple" }
sdist = { url = "https://files.pythonhosted.org/packages/71/39/171f1c67cd00715f190ba0b100d606d440a28c93c7714febeca8b79af85e/six-1.16.0.tar.gz", hash = "sha256:1e61c37477a1626458e36f7b1d82aa5c9b094fa4802892072e49de9c60c4c926", size = 34041 }
wheels = [
    { url = "https://files.pythonhosted.org/packages/d9/5a/e7c31adbe875f2abbb91bd84cf2dc52d792b5a01506781dbcf25c91daf11/six-1.16.0-py2.py3-none-any.whl", hash = "sha256:8abb2f1d86890a2dfb989f9a77cfcfd3e47c2a354b01111771326f8aa26e0254", size = 11053 },
]

[[package]]
name = "tzdata"
version = "2024.1"
source = { registry = "https://pypi.org/simple" }
sdist = { url = "https://files.pythonhosted.org/packages/74/5b/e025d02cb3b66b7b76093404392d4b44343c69101cc85f4d180dd5784717/tzdata-2024.1.tar.gz", hash = "sha256:2674120f8d891909751c38abcdfd386ac0a5a1127954fbc332af6b5ceae07efd", size = 190559 }
wheels = [
    { url = "https://files.pythonhosted.org/packages/65/58/f9c9e6be752e9fcb8b6a0ee9fb87e6e7a1f6bcab2cdc73f02bb7ba91ada0/tzdata-2024.1-py2.py3-none-any.whl", hash = "sha256:9068bc196136463f5245e51efda838afa15aaeca9903f49050dfa2679db4d252", size = 345370 },
]
